// !$*UTF8*$!
{
	archiveVersion = 1;
	classes = {
	};
	objectVersion = 46;
	objects = {

/* Begin PBXBuildFile section */
		5B4E88DB1991875900291AC1 /* GridViewController.swift in Sources */ = {isa = PBXBuildFile; fileRef = 5B4E88DA1991875900291AC1 /* GridViewController.swift */; };
		5B4E88DC1991875900291AC1 /* GridViewController.swift in Sources */ = {isa = PBXBuildFile; fileRef = 5B4E88DA1991875900291AC1 /* GridViewController.swift */; };
		5B4E88DE1991894700291AC1 /* CellforPhoto.swift in Sources */ = {isa = PBXBuildFile; fileRef = 5B4E88DD1991894700291AC1 /* CellforPhoto.swift */; };
		5B4E88DF1991894700291AC1 /* CellforPhoto.swift in Sources */ = {isa = PBXBuildFile; fileRef = 5B4E88DD1991894700291AC1 /* CellforPhoto.swift */; };
		5B4E88E1199195CC00291AC1 /* PhotoViewController.swift in Sources */ = {isa = PBXBuildFile; fileRef = 5B4E88E0199195CC00291AC1 /* PhotoViewController.swift */; };
		5B4E88E2199195CC00291AC1 /* PhotoViewController.swift in Sources */ = {isa = PBXBuildFile; fileRef = 5B4E88E0199195CC00291AC1 /* PhotoViewController.swift */; };
		5B87F9331990305B0038E012 /* AppDelegate.swift in Sources */ = {isa = PBXBuildFile; fileRef = 5B87F9321990305B0038E012 /* AppDelegate.swift */; };
		5B87F9351990305B0038E012 /* ViewController.swift in Sources */ = {isa = PBXBuildFile; fileRef = 5B87F9341990305B0038E012 /* ViewController.swift */; };
		5B87F9381990305B0038E012 /* Main.storyboard in Resources */ = {isa = PBXBuildFile; fileRef = 5B87F9361990305B0038E012 /* Main.storyboard */; };
		5B87F93A1990305B0038E012 /* Images.xcassets in Resources */ = {isa = PBXBuildFile; fileRef = 5B87F9391990305B0038E012 /* Images.xcassets */; };
		5B87F9461990305C0038E012 /* ImageFilterDemoTests.swift in Sources */ = {isa = PBXBuildFile; fileRef = 5B87F9451990305C0038E012 /* ImageFilterDemoTests.swift */; };
/* End PBXBuildFile section */

/* Begin PBXContainerItemProxy section */
		5B87F9401990305C0038E012 /* PBXContainerItemProxy */ = {
			isa = PBXContainerItemProxy;
			containerPortal = 5B87F9251990305B0038E012 /* Project object */;
			proxyType = 1;
			remoteGlobalIDString = 5B87F92C1990305B0038E012;
			remoteInfo = ImageFilterDemo;
		};
/* End PBXContainerItemProxy section */

/* Begin PBXFileReference section */
		5B4E88DA1991875900291AC1 /* GridViewController.swift */ = {isa = PBXFileReference; fileEncoding = 4; lastKnownFileType = sourcecode.swift; path = GridViewController.swift; sourceTree = "<group>"; };
		5B4E88DD1991894700291AC1 /* CellforPhoto.swift */ = {isa = PBXFileReference; fileEncoding = 4; lastKnownFileType = sourcecode.swift; path = CellforPhoto.swift; sourceTree = "<group>"; };
		5B4E88E0199195CC00291AC1 /* PhotoViewController.swift */ = {isa = PBXFileReference; fileEncoding = 4; lastKnownFileType = sourcecode.swift; path = PhotoViewController.swift; sourceTree = "<group>"; };
		5B87F92D1990305B0038E012 /* ImageFilterDemo.app */ = {isa = PBXFileReference; explicitFileType = wrapper.application; includeInIndex = 0; path = ImageFilterDemo.app; sourceTree = BUILT_PRODUCTS_DIR; };
		5B87F9311990305B0038E012 /* Info.plist */ = {isa = PBXFileReference; lastKnownFileType = text.plist.xml; path = Info.plist; sourceTree = "<group>"; };
		5B87F9321990305B0038E012 /* AppDelegate.swift */ = {isa = PBXFileReference; lastKnownFileType = sourcecode.swift; path = AppDelegate.swift; sourceTree = "<group>"; };
		5B87F9341990305B0038E012 /* ViewController.swift */ = {isa = PBXFileReference; lastKnownFileType = sourcecode.swift; path = ViewController.swift; sourceTree = "<group>"; };
		5B87F9371990305B0038E012 /* Base */ = {isa = PBXFileReference; lastKnownFileType = file.storyboard; name = Base; path = Base.lproj/Main.storyboard; sourceTree = "<group>"; };
		5B87F9391990305B0038E012 /* Images.xcassets */ = {isa = PBXFileReference; lastKnownFileType = folder.assetcatalog; path = Images.xcassets; sourceTree = "<group>"; };
		5B87F93F1990305C0038E012 /* ImageFilterDemoTests.xctest */ = {isa = PBXFileReference; explicitFileType = wrapper.cfbundle; includeInIndex = 0; path = ImageFilterDemoTests.xctest; sourceTree = BUILT_PRODUCTS_DIR; };
		5B87F9441990305C0038E012 /* Info.plist */ = {isa = PBXFileReference; lastKnownFileType = text.plist.xml; path = Info.plist; sourceTree = "<group>"; };
		5B87F9451990305C0038E012 /* ImageFilterDemoTests.swift */ = {isa = PBXFileReference; lastKnownFileType = sourcecode.swift; path = ImageFilterDemoTests.swift; sourceTree = "<group>"; };
/* End PBXFileReference section */

/* Begin PBXFrameworksBuildPhase section */
		5B87F92A1990305B0038E012 /* Frameworks */ = {
			isa = PBXFrameworksBuildPhase;
			buildActionMask = 2147483647;
			files = (
			);
			runOnlyForDeploymentPostprocessing = 0;
		};
		5B87F93C1990305C0038E012 /* Frameworks */ = {
			isa = PBXFrameworksBuildPhase;
			buildActionMask = 2147483647;
			files = (
			);
			runOnlyForDeploymentPostprocessing = 0;
		};
/* End PBXFrameworksBuildPhase section */

/* Begin PBXGroup section */
		5B87F9241990305B0038E012 = {
			isa = PBXGroup;
			children = (
				5B87F92F1990305B0038E012 /* ImageFilterDemo */,
				5B87F9421990305C0038E012 /* ImageFilterDemoTests */,
				5B87F92E1990305B0038E012 /* Products */,
			);
			sourceTree = "<group>";
		};
		5B87F92E1990305B0038E012 /* Products */ = {
			isa = PBXGroup;
			children = (
				5B87F92D1990305B0038E012 /* ImageFilterDemo.app */,
				5B87F93F1990305C0038E012 /* ImageFilterDemoTests.xctest */,
			);
			name = Products;
			sourceTree = "<group>";
		};
		5B87F92F1990305B0038E012 /* ImageFilterDemo */ = {
			isa = PBXGroup;
			children = (
				5B87F951199031210038E012 /* Controllers */,
				5B87F950199031150038E012 /* Views */,
				5B87F94F199031000038E012 /* Models */,
				5B87F9391990305B0038E012 /* Images.xcassets */,
				5B87F9301990305B0038E012 /* Supporting Files */,
			);
			path = ImageFilterDemo;
			sourceTree = "<group>";
		};
		5B87F9301990305B0038E012 /* Supporting Files */ = {
			isa = PBXGroup;
			children = (
				5B87F9311990305B0038E012 /* Info.plist */,
			);
			name = "Supporting Files";
			sourceTree = "<group>";
		};
		5B87F9421990305C0038E012 /* ImageFilterDemoTests */ = {
			isa = PBXGroup;
			children = (
				5B87F9451990305C0038E012 /* ImageFilterDemoTests.swift */,
				5B87F9431990305C0038E012 /* Supporting Files */,
			);
			path = ImageFilterDemoTests;
			sourceTree = "<group>";
		};
		5B87F9431990305C0038E012 /* Supporting Files */ = {
			isa = PBXGroup;
			children = (
				5B87F9441990305C0038E012 /* Info.plist */,
			);
			name = "Supporting Files";
			sourceTree = "<group>";
		};
		5B87F94F199031000038E012 /* Models */ = {
			isa = PBXGroup;
			children = (
				5B4E88DD1991894700291AC1 /* CellforPhoto.swift */,
			);
			name = Models;
			sourceTree = "<group>";
		};
		5B87F950199031150038E012 /* Views */ = {
			isa = PBXGroup;
			children = (
				5B87F9361990305B0038E012 /* Main.storyboard */,
			);
			name = Views;
			sourceTree = "<group>";
		};
		5B87F951199031210038E012 /* Controllers */ = {
			isa = PBXGroup;
			children = (
				5B87F9321990305B0038E012 /* AppDelegate.swift */,
				5B87F9341990305B0038E012 /* ViewController.swift */,
				5B4E88DA1991875900291AC1 /* GridViewController.swift */,
				5B4E88E0199195CC00291AC1 /* PhotoViewController.swift */,
			);
			name = Controllers;
			sourceTree = "<group>";
		};
/* End PBXGroup section */

/* Begin PBXNativeTarget section */
		5B87F92C1990305B0038E012 /* ImageFilterDemo */ = {
			isa = PBXNativeTarget;
			buildConfigurationList = 5B87F9491990305C0038E012 /* Build configuration list for PBXNativeTarget "ImageFilterDemo" */;
			buildPhases = (
				5B87F9291990305B0038E012 /* Sources */,
				5B87F92A1990305B0038E012 /* Frameworks */,
				5B87F92B1990305B0038E012 /* Resources */,
			);
			buildRules = (
			);
			dependencies = (
			);
			name = ImageFilterDemo;
			productName = ImageFilterDemo;
			productReference = 5B87F92D1990305B0038E012 /* ImageFilterDemo.app */;
			productType = "com.apple.product-type.application";
		};
		5B87F93E1990305C0038E012 /* ImageFilterDemoTests */ = {
			isa = PBXNativeTarget;
			buildConfigurationList = 5B87F94C1990305C0038E012 /* Build configuration list for PBXNativeTarget "ImageFilterDemoTests" */;
			buildPhases = (
				5B87F93B1990305C0038E012 /* Sources */,
				5B87F93C1990305C0038E012 /* Frameworks */,
				5B87F93D1990305C0038E012 /* Resources */,
			);
			buildRules = (
			);
			dependencies = (
				5B87F9411990305C0038E012 /* PBXTargetDependency */,
			);
			name = ImageFilterDemoTests;
			productName = ImageFilterDemoTests;
			productReference = 5B87F93F1990305C0038E012 /* ImageFilterDemoTests.xctest */;
			productType = "com.apple.product-type.bundle.unit-test";
		};
/* End PBXNativeTarget section */

/* Begin PBXProject section */
		5B87F9251990305B0038E012 /* Project object */ = {
			isa = PBXProject;
			attributes = {
				LastUpgradeCheck = 0600;
				ORGANIZATIONNAME = "Victor  Adu";
				TargetAttributes = {
					5B87F92C1990305B0038E012 = {
						CreatedOnToolsVersion = 6.0;
					};
					5B87F93E1990305C0038E012 = {
						CreatedOnToolsVersion = 6.0;
						TestTargetID = 5B87F92C1990305B0038E012;
					};
				};
			};
			buildConfigurationList = 5B87F9281990305B0038E012 /* Build configuration list for PBXProject "ImageFilterDemo" */;
			compatibilityVersion = "Xcode 3.2";
			developmentRegion = English;
			hasScannedForEncodings = 0;
			knownRegions = (
				en,
				Base,
			);
			mainGroup = 5B87F9241990305B0038E012;
			productRefGroup = 5B87F92E1990305B0038E012 /* Products */;
			projectDirPath = "";
			projectRoot = "";
			targets = (
				5B87F92C1990305B0038E012 /* ImageFilterDemo */,
				5B87F93E1990305C0038E012 /* ImageFilterDemoTests */,
			);
		};
/* End PBXProject section */

/* Begin PBXResourcesBuildPhase section */
		5B87F92B1990305B0038E012 /* Resources */ = {
			isa = PBXResourcesBuildPhase;
			buildActionMask = 2147483647;
			files = (
				5B87F9381990305B0038E012 /* Main.storyboard in Resources */,
				5B87F93A1990305B0038E012 /* Images.xcassets in Resources */,
			);
			runOnlyForDeploymentPostprocessing = 0;
		};
		5B87F93D1990305C0038E012 /* Resources */ = {
			isa = PBXResourcesBuildPhase;
			buildActionMask = 2147483647;
			files = (
			);
			runOnlyForDeploymentPostprocessing = 0;
		};
/* End PBXResourcesBuildPhase section */

/* Begin PBXSourcesBuildPhase section */
		5B87F9291990305B0038E012 /* Sources */ = {
			isa = PBXSourcesBuildPhase;
			buildActionMask = 2147483647;
			files = (
				5B87F9351990305B0038E012 /* ViewController.swift in Sources */,
				5B87F9331990305B0038E012 /* AppDelegate.swift in Sources */,
				5B4E88DE1991894700291AC1 /* CellforPhoto.swift in Sources */,
				5B4E88DB1991875900291AC1 /* GridViewController.swift in Sources */,
				5B4E88E1199195CC00291AC1 /* PhotoViewController.swift in Sources */,
			);
			runOnlyForDeploymentPostprocessing = 0;
		};
		5B87F93B1990305C0038E012 /* Sources */ = {
			isa = PBXSourcesBuildPhase;
			buildActionMask = 2147483647;
			files = (
				5B4E88DF1991894700291AC1 /* CellforPhoto.swift in Sources */,
				5B4E88E2199195CC00291AC1 /* PhotoViewController.swift in Sources */,
				5B4E88DC1991875900291AC1 /* GridViewController.swift in Sources */,
				5B87F9461990305C0038E012 /* ImageFilterDemoTests.swift in Sources */,
			);
			runOnlyForDeploymentPostprocessing = 0;
		};
/* End PBXSourcesBuildPhase section */

/* Begin PBXTargetDependency section */
		5B87F9411990305C0038E012 /* PBXTargetDependency */ = {
			isa = PBXTargetDependency;
			target = 5B87F92C1990305B0038E012 /* ImageFilterDemo */;
			targetProxy = 5B87F9401990305C0038E012 /* PBXContainerItemProxy */;
		};
/* End PBXTargetDependency section */

/* Begin PBXVariantGroup section */
		5B87F9361990305B0038E012 /* Main.storyboard */ = {
			isa = PBXVariantGroup;
			children = (
				5B87F9371990305B0038E012 /* Base */,
			);
			name = Main.storyboard;
			sourceTree = "<group>";
		};
/* End PBXVariantGroup section */

/* Begin XCBuildConfiguration section */
		5B87F9471990305C0038E012 /* Debug */ = {
			isa = XCBuildConfiguration;
			buildSettings = {
				ALWAYS_SEARCH_USER_PATHS = NO;
				CLANG_CXX_LANGUAGE_STANDARD = "gnu++0x";
				CLANG_CXX_LIBRARY = "libc++";
				CLANG_ENABLE_MODULES = YES;
				CLANG_ENABLE_OBJC_ARC = YES;
				CLANG_WARN_BOOL_CONVERSION = YES;
				CLANG_WARN_CONSTANT_CONVERSION = YES;
				CLANG_WARN_DIRECT_OBJC_ISA_USAGE = YES_ERROR;
				CLANG_WARN_EMPTY_BODY = YES;
				CLANG_WARN_ENUM_CONVERSION = YES;
				CLANG_WARN_INT_CONVERSION = YES;
				CLANG_WARN_OBJC_ROOT_CLASS = YES_ERROR;
				CLANG_WARN_UNREACHABLE_CODE = YES;
				CLANG_WARN__DUPLICATE_METHOD_MATCH = YES;
				"CODE_SIGN_IDENTITY[sdk=iphoneos*]" = "iPhone Developer";
				COPY_PHASE_STRIP = NO;
				ENABLE_STRICT_OBJC_MSGSEND = YES;
				GCC_C_LANGUAGE_STANDARD = gnu99;
				GCC_DYNAMIC_NO_PIC = NO;
				GCC_OPTIMIZATION_LEVEL = 0;
				GCC_PREPROCESSOR_DEFINITIONS = (
					"DEBUG=1",
					"$(inherited)",
				);
				GCC_SYMBOLS_PRIVATE_EXTERN = NO;
				GCC_WARN_64_TO_32_BIT_CONVERSION = YES;
				GCC_WARN_ABOUT_RETURN_TYPE = YES_ERROR;
				GCC_WARN_UNDECLARED_SELECTOR = YES;
				GCC_WARN_UNINITIALIZED_AUTOS = YES_AGGRESSIVE;
				GCC_WARN_UNUSED_FUNCTION = YES;
				GCC_WARN_UNUSED_VARIABLE = YES;
				IPHONEOS_DEPLOYMENT_TARGET = 8.0;
				MTL_ENABLE_DEBUG_INFO = YES;
				ONLY_ACTIVE_ARCH = YES;
				SDKROOT = iphoneos;
				SWIFT_OPTIMIZATION_LEVEL = "-Onone";
				TARGETED_DEVICE_FAMILY = "1,2";
			};
			name = Debug;
		};
		5B87F9481990305C0038E012 /* Release */ = {
			isa = XCBuildConfiguration;
			buildSettings = {
				ALWAYS_SEARCH_USER_PATHS = NO;
				CLANG_CXX_LANGUAGE_STANDARD = "gnu++0x";
				CLANG_CXX_LIBRARY = "libc++";
				CLANG_ENABLE_MODULES = YES;
				CLANG_ENABLE_OBJC_ARC = YES;
				CLANG_WARN_BOOL_CONVERSION = YES;
				CLANG_WARN_CONSTANT_CONVERSION = YES;
				CLANG_WARN_DIRECT_OBJC_ISA_USAGE = YES_ERROR;
				CLANG_WARN_EMPTY_BODY = YES;
				CLANG_WARN_ENUM_CONVERSION = YES;
				CLANG_WARN_INT_CONVERSION = YES;
				CLANG_WARN_OBJC_ROOT_CLASS = YES_ERROR;
				CLANG_WARN_UNREACHABLE_CODE = YES;
				CLANG_WARN__DUPLICATE_METHOD_MATCH = YES;
				"CODE_SIGN_IDENTITY[sdk=iphoneos*]" = "iPhone Developer";
				COPY_PHASE_STRIP = YES;
				ENABLE_NS_ASSERTIONS = NO;
				ENABLE_STRICT_OBJC_MSGSEND = YES;
				GCC_C_LANGUAGE_STANDARD = gnu99;
				GCC_WARN_64_TO_32_BIT_CONVERSION = YES;
				GCC_WARN_ABOUT_RETURN_TYPE = YES_ERROR;
				GCC_WARN_UNDECLARED_SELECTOR = YES;
				GCC_WARN_UNINITIALIZED_AUTOS = YES_AGGRESSIVE;
				GCC_WARN_UNUSED_FUNCTION = YES;
				GCC_WARN_UNUSED_VARIABLE = YES;
				IPHONEOS_DEPLOYMENT_TARGET = 8.0;
				MTL_ENABLE_DEBUG_INFO = NO;
				SDKROOT = iphoneos;
				TARGETED_DEVICE_FAMILY = "1,2";
				VALIDATE_PRODUCT = YES;
			};
			name = Release;
		};
		5B87F94A1990305C0038E012 /* Debug */ = {
			isa = XCBuildConfiguration;
			buildSettings = {
				ASSETCATALOG_COMPILER_APPICON_NAME = AppIcon;
				ASSETCATALOG_COMPILER_LAUNCHIMAGE_NAME = LaunchImage;
				INFOPLIST_FILE = ImageFilterDemo/Info.plist;
				IPHONEOS_DEPLOYMENT_TARGET = 8.0;
				LD_RUNPATH_SEARCH_PATHS = "$(inherited) @executable_path/Frameworks";
				PRODUCT_NAME = "$(TARGET_NAME)";
			};
			name = Debug;
		};
		5B87F94B1990305C0038E012 /* Release */ = {
			isa = XCBuildConfiguration;
			buildSettings = {
				ASSETCATALOG_COMPILER_APPICON_NAME = AppIcon;
				ASSETCATALOG_COMPILER_LAUNCHIMAGE_NAME = LaunchImage;
				INFOPLIST_FILE = ImageFilterDemo/Info.plist;
				IPHONEOS_DEPLOYMENT_TARGET = 8.0;
				LD_RUNPATH_SEARCH_PATHS = "$(inherited) @executable_path/Frameworks";
				PRODUCT_NAME = "$(TARGET_NAME)";
			};
			name = Release;
		};
		5B87F94D1990305C0038E012 /* Debug */ = {
			isa = XCBuildConfiguration;
			buildSettings = {
				BUNDLE_LOADER = "$(BUILT_PRODUCTS_DIR)/ImageFilterDemo.app/ImageFilterDemo";
				FRAMEWORK_SEARCH_PATHS = (
					"$(SDKROOT)/Developer/Library/Frameworks",
					"$(inherited)",
				);
				GCC_PREPROCESSOR_DEFINITIONS = (
					"DEBUG=1",
					"$(inherited)",
				);
				INFOPLIST_FILE = ImageFilterDemoTests/Info.plist;
				LD_RUNPATH_SEARCH_PATHS = "$(inherited) @executable_path/Frameworks @loader_path/Frameworks";
				PRODUCT_NAME = "$(TARGET_NAME)";
				TEST_HOST = "$(BUNDLE_LOADER)";
			};
			name = Debug;
		};
		5B87F94E1990305C0038E012 /* Release */ = {
			isa = XCBuildConfiguration;
			buildSettings = {
				BUNDLE_LOADER = "$(BUILT_PRODUCTS_DIR)/ImageFilterDemo.app/ImageFilterDemo";
				FRAMEWORK_SEARCH_PATHS = (
					"$(SDKROOT)/Developer/Library/Frameworks",
					"$(inherited)",
				);
				INFOPLIST_FILE = ImageFilterDemoTests/Info.plist;
				LD_RUNPATH_SEARCH_PATHS = "$(inherited) @executable_path/Frameworks @loader_path/Frameworks";
				PRODUCT_NAME = "$(TARGET_NAME)";
				TEST_HOST = "$(BUNDLE_LOADER)";
			};
			name = Release;
		};
/* End XCBuildConfiguration section */

/* Begin XCConfigurationList section */
		5B87F9281990305B0038E012 /* Build configuration list for PBXProject "ImageFilterDemo" */ = {
			isa = XCConfigurationList;
			buildConfigurations = (
				5B87F9471990305C0038E012 /* Debug */,
				5B87F9481990305C0038E012 /* Release */,
			);
			defaultConfigurationIsVisible = 0;
			defaultConfigurationName = Release;
		};
		5B87F9491990305C0038E012 /* Build configuration list for PBXNativeTarget "ImageFilterDemo" */ = {
			isa = XCConfigurationList;
			buildConfigurations = (
				5B87F94A1990305C0038E012 /* Debug */,
				5B87F94B1990305C0038E012 /* Release */,
			);
			defaultConfigurationIsVisible = 0;
			defaultConfigurationName = Release;
		};
		5B87F94C1990305C0038E012 /* Build configuration list for PBXNativeTarget "ImageFilterDemoTests" */ = {
			isa = XCConfigurationList;
			buildConfigurations = (
				5B87F94D1990305C0038E012 /* Debug */,
				5B87F94E1990305C0038E012 /* Release */,
			);
			defaultConfigurationIsVisible = 0;
			defaultConfigurationName = Release;
		};
/* End XCConfigurationList section */
	};
	rootObject = 5B87F9251990305B0038E012 /* Project object */;
}
